
Microsoft Visual Studio Solution File, Format Version 12.00
# Visual Studio Version 17
VisualStudioVersion = 17.7.34031.279
MinimumVisualStudioVersion = 10.0.40219.1
Project("{FAE04EC0-301F-11D3-BF4B-00C04F79EFBC}") = "NumericKeyPad", "NumericKeyPad\NumericKeyPad.csproj", "{A31C893D-0CB0-47FD-841C-E6E7A5F726C7}"
EndProject
Project("{FAE04EC0-301F-11D3-BF4B-00C04F79EFBC}") = "NumericKeyPadApp", "NumericKeyPadApp\NumericKeyPadApp.csproj", "{2EF0ADB1-0D86-41B2-BFC1-BA07AEA687AA}"
EndProject
Global
	GlobalSection(SolutionConfigurationPlatforms) = preSolution
		Debug|Any CPU = Debug|Any CPU
		Release|Any CPU = Release|Any CPU
	EndGlobalSection
	GlobalSection(ProjectConfigurationPlatforms) = postSolution
		{A31C893D-0CB0-47FD-841C-E6E7A5F726C7}.Debug|Any CPU.ActiveCfg = Debug|Any CPU
		{A31C893D-0CB0-47FD-841C-E6E7A5F726C7}.Debug|Any CPU.Build.0 = Debug|Any CPU
		{A31C893D-0CB0-47FD-841C-E6E7A5F726C7}.Release|Any CPU.ActiveCfg = Release|Any CPU
		{A31C893D-0CB0-47FD-841C-E6E7A5F726C7}.Release|Any CPU.Build.0 = Release|Any CPU
		{2EF0ADB1-0D86-41B2-BFC1-BA07AEA687AA}.Debug|Any CPU.ActiveCfg = Debug|Any CPU
		{2EF0ADB1-0D86-41B2-BFC1-BA07AEA687AA}.Debug|Any CPU.Build.0 = Debug|Any CPU
		{2EF0ADB1-0D86-41B2-BFC1-BA07AEA687AA}.Release|Any CPU.ActiveCfg = Release|Any CPU
		{2EF0ADB1-0D86-41B2-BFC1-BA07AEA687AA}.Release|Any CPU.Build.0 = Release|Any CPU
	EndGlobalSection
	GlobalSection(SolutionProperties) = preSolution
		HideSolutionNode = FALSE
	EndGlobalSection
	GlobalSection(ExtensibilityGlobals) = postSolution
		SolutionGuid = {270A1A32-A2F6-4ABE-9339-926DD36C1A18}
	EndGlobalSection
EndGlobal
